// !$*UTF8*$!
{
	archiveVersion = 1;
	classes = {
	};
	objectVersion = 50;
	objects = {

/* Begin PBXBuildFile section */
		12C166C7206E2102004DBDFC /* AppDelegate.swift in Sources */ = {isa = PBXBuildFile; fileRef = 12C166C6206E2102004DBDFC /* AppDelegate.swift */; };
		12C166C9206E2102004DBDFC /* ViewController.swift in Sources */ = {isa = PBXBuildFile; fileRef = 12C166C8206E2102004DBDFC /* ViewController.swift */; };
		12C166CC206E2102004DBDFC /* Main.storyboard in Resources */ = {isa = PBXBuildFile; fileRef = 12C166CA206E2102004DBDFC /* Main.storyboard */; };
		12C166CF206E2102004DBDFC /* CoreML_WatsonVR_Demo.xcdatamodeld in Sources */ = {isa = PBXBuildFile; fileRef = 12C166CD206E2102004DBDFC /* CoreML_WatsonVR_Demo.xcdatamodeld */; };
		12C166D1206E2106004DBDFC /* Assets.xcassets in Resources */ = {isa = PBXBuildFile; fileRef = 12C166D0206E2106004DBDFC /* Assets.xcassets */; };
		12C166D4206E2106004DBDFC /* LaunchScreen.storyboard in Resources */ = {isa = PBXBuildFile; fileRef = 12C166D2206E2106004DBDFC /* LaunchScreen.storyboard */; };
		12C166DF206E2106004DBDFC /* CoreML_WatsonVR_DemoTests.swift in Sources */ = {isa = PBXBuildFile; fileRef = 12C166DE206E2106004DBDFC /* CoreML_WatsonVR_DemoTests.swift */; };
		12C166EA206E2106004DBDFC /* CoreML_WatsonVR_DemoUITests.swift in Sources */ = {isa = PBXBuildFile; fileRef = 12C166E9206E2106004DBDFC /* CoreML_WatsonVR_DemoUITests.swift */; };
/* End PBXBuildFile section */

/* Begin PBXContainerItemProxy section */
		12C166DB206E2106004DBDFC /* PBXContainerItemProxy */ = {
			isa = PBXContainerItemProxy;
			containerPortal = 12C166BB206E2102004DBDFC /* Project object */;
			proxyType = 1;
			remoteGlobalIDString = 12C166C2206E2102004DBDFC;
			remoteInfo = "CoreML WatsonVR Demo";
		};
		12C166E6206E2106004DBDFC /* PBXContainerItemProxy */ = {
			isa = PBXContainerItemProxy;
			containerPortal = 12C166BB206E2102004DBDFC /* Project object */;
			proxyType = 1;
			remoteGlobalIDString = 12C166C2206E2102004DBDFC;
			remoteInfo = "CoreML WatsonVR Demo";
		};
/* End PBXContainerItemProxy section */

/* Begin PBXFileReference section */
		12C166C3206E2102004DBDFC /* CoreML WatsonVR Demo.app */ = {isa = PBXFileReference; explicitFileType = wrapper.application; includeInIndex = 0; path = "CoreML WatsonVR Demo.app"; sourceTree = BUILT_PRODUCTS_DIR; };
		12C166C6206E2102004DBDFC /* AppDelegate.swift */ = {isa = PBXFileReference; lastKnownFileType = sourcecode.swift; path = AppDelegate.swift; sourceTree = "<group>"; };
		12C166C8206E2102004DBDFC /* ViewController.swift */ = {isa = PBXFileReference; lastKnownFileType = sourcecode.swift; path = ViewController.swift; sourceTree = "<group>"; };
		12C166CB206E2102004DBDFC /* Base */ = {isa = PBXFileReference; lastKnownFileType = file.storyboard; name = Base; path = Base.lproj/Main.storyboard; sourceTree = "<group>"; };
		12C166CE206E2102004DBDFC /* CoreML_WatsonVR_Demo.xcdatamodel */ = {isa = PBXFileReference; lastKnownFileType = wrapper.xcdatamodel; path = CoreML_WatsonVR_Demo.xcdatamodel; sourceTree = "<group>"; };
		12C166D0206E2106004DBDFC /* Assets.xcassets */ = {isa = PBXFileReference; lastKnownFileType = folder.assetcatalog; path = Assets.xcassets; sourceTree = "<group>"; };
		12C166D3206E2106004DBDFC /* Base */ = {isa = PBXFileReference; lastKnownFileType = file.storyboard; name = Base; path = Base.lproj/LaunchScreen.storyboard; sourceTree = "<group>"; };
		12C166D5206E2106004DBDFC /* Info.plist */ = {isa = PBXFileReference; lastKnownFileType = text.plist.xml; path = Info.plist; sourceTree = "<group>"; };
		12C166DA206E2106004DBDFC /* CoreML WatsonVR DemoTests.xctest */ = {isa = PBXFileReference; explicitFileType = wrapper.cfbundle; includeInIndex = 0; path = "CoreML WatsonVR DemoTests.xctest"; sourceTree = BUILT_PRODUCTS_DIR; };
		12C166DE206E2106004DBDFC /* CoreML_WatsonVR_DemoTests.swift */ = {isa = PBXFileReference; lastKnownFileType = sourcecode.swift; path = CoreML_WatsonVR_DemoTests.swift; sourceTree = "<group>"; };
		12C166E0206E2106004DBDFC /* Info.plist */ = {isa = PBXFileReference; lastKnownFileType = text.plist.xml; path = Info.plist; sourceTree = "<group>"; };
		12C166E5206E2106004DBDFC /* CoreML WatsonVR DemoUITests.xctest */ = {isa = PBXFileReference; explicitFileType = wrapper.cfbundle; includeInIndex = 0; path = "CoreML WatsonVR DemoUITests.xctest"; sourceTree = BUILT_PRODUCTS_DIR; };
		12C166E9206E2106004DBDFC /* CoreML_WatsonVR_DemoUITests.swift */ = {isa = PBXFileReference; lastKnownFileType = sourcecode.swift; path = CoreML_WatsonVR_DemoUITests.swift; sourceTree = "<group>"; };
		12C166EB206E2106004DBDFC /* Info.plist */ = {isa = PBXFileReference; lastKnownFileType = text.plist.xml; path = Info.plist; sourceTree = "<group>"; };
/* End PBXFileReference section */

/* Begin PBXFrameworksBuildPhase section */
		12C166C0206E2102004DBDFC /* Frameworks */ = {
			isa = PBXFrameworksBuildPhase;
			buildActionMask = 2147483647;
			files = (
			);
			runOnlyForDeploymentPostprocessing = 0;
		};
		12C166D7206E2106004DBDFC /* Frameworks */ = {
			isa = PBXFrameworksBuildPhase;
			buildActionMask = 2147483647;
			files = (
			);
			runOnlyForDeploymentPostprocessing = 0;
		};
		12C166E2206E2106004DBDFC /* Frameworks */ = {
			isa = PBXFrameworksBuildPhase;
			buildActionMask = 2147483647;
			files = (
			);
			runOnlyForDeploymentPostprocessing = 0;
		};
/* End PBXFrameworksBuildPhase section */

/* Begin PBXGroup section */
		12C166BA206E2102004DBDFC = {
			isa = PBXGroup;
			children = (
				12C166C5206E2102004DBDFC /* CoreML WatsonVR Demo */,
				12C166DD206E2106004DBDFC /* CoreML WatsonVR DemoTests */,
				12C166E8206E2106004DBDFC /* CoreML WatsonVR DemoUITests */,
				12C166C4206E2102004DBDFC /* Products */,
			);
			sourceTree = "<group>";
		};
		12C166C4206E2102004DBDFC /* Products */ = {
			isa = PBXGroup;
			children = (
				12C166C3206E2102004DBDFC /* CoreML WatsonVR Demo.app */,
				12C166DA206E2106004DBDFC /* CoreML WatsonVR DemoTests.xctest */,
				12C166E5206E2106004DBDFC /* CoreML WatsonVR DemoUITests.xctest */,
			);
			name = Products;
			sourceTree = "<group>";
		};
		12C166C5206E2102004DBDFC /* CoreML WatsonVR Demo */ = {
			isa = PBXGroup;
			children = (
				12C166C6206E2102004DBDFC /* AppDelegate.swift */,
				12C166C8206E2102004DBDFC /* ViewController.swift */,
				12C166CA206E2102004DBDFC /* Main.storyboard */,
				12C166D0206E2106004DBDFC /* Assets.xcassets */,
				12C166D2206E2106004DBDFC /* LaunchScreen.storyboard */,
				12C166D5206E2106004DBDFC /* Info.plist */,
				12C166CD206E2102004DBDFC /* CoreML_WatsonVR_Demo.xcdatamodeld */,
			);
			path = "CoreML WatsonVR Demo";
			sourceTree = "<group>";
		};
		12C166DD206E2106004DBDFC /* CoreML WatsonVR DemoTests */ = {
			isa = PBXGroup;
			children = (
				12C166DE206E2106004DBDFC /* CoreML_WatsonVR_DemoTests.swift */,
				12C166E0206E2106004DBDFC /* Info.plist */,
			);
			path = "CoreML WatsonVR DemoTests";
			sourceTree = "<group>";
		};
		12C166E8206E2106004DBDFC /* CoreML WatsonVR DemoUITests */ = {
			isa = PBXGroup;
			children = (
				12C166E9206E2106004DBDFC /* CoreML_WatsonVR_DemoUITests.swift */,
				12C166EB206E2106004DBDFC /* Info.plist */,
			);
			path = "CoreML WatsonVR DemoUITests";
			sourceTree = "<group>";
		};
/* End PBXGroup section */

/* Begin PBXNativeTarget section */
		12C166C2206E2102004DBDFC /* CoreML WatsonVR Demo */ = {
			isa = PBXNativeTarget;
			buildConfigurationList = 12C166EE206E2106004DBDFC /* Build configuration list for PBXNativeTarget "CoreML WatsonVR Demo" */;
			buildPhases = (
				12C166BF206E2102004DBDFC /* Sources */,
				12C166C0206E2102004DBDFC /* Frameworks */,
				12C166C1206E2102004DBDFC /* Resources */,
			);
			buildRules = (
			);
			dependencies = (
			);
			name = "CoreML WatsonVR Demo";
			productName = "CoreML WatsonVR Demo";
			productReference = 12C166C3206E2102004DBDFC /* CoreML WatsonVR Demo.app */;
			productType = "com.apple.product-type.application";
		};
		12C166D9206E2106004DBDFC /* CoreML WatsonVR DemoTests */ = {
			isa = PBXNativeTarget;
			buildConfigurationList = 12C166F1206E2106004DBDFC /* Build configuration list for PBXNativeTarget "CoreML WatsonVR DemoTests" */;
			buildPhases = (
				12C166D6206E2106004DBDFC /* Sources */,
				12C166D7206E2106004DBDFC /* Frameworks */,
				12C166D8206E2106004DBDFC /* Resources */,
			);
			buildRules = (
			);
			dependencies = (
				12C166DC206E2106004DBDFC /* PBXTargetDependency */,
			);
			name = "CoreML WatsonVR DemoTests";
			productName = "CoreML WatsonVR DemoTests";
			productReference = 12C166DA206E2106004DBDFC /* CoreML WatsonVR DemoTests.xctest */;
			productType = "com.apple.product-type.bundle.unit-test";
		};
		12C166E4206E2106004DBDFC /* CoreML WatsonVR DemoUITests */ = {
			isa = PBXNativeTarget;
			buildConfigurationList = 12C166F4206E2106004DBDFC /* Build configuration list for PBXNativeTarget "CoreML WatsonVR DemoUITests" */;
			buildPhases = (
				12C166E1206E2106004DBDFC /* Sources */,
				12C166E2206E2106004DBDFC /* Frameworks */,
				12C166E3206E2106004DBDFC /* Resources */,
			);
			buildRules = (
			);
			dependencies = (
				12C166E7206E2106004DBDFC /* PBXTargetDependency */,
			);
			name = "CoreML WatsonVR DemoUITests";
			productName = "CoreML WatsonVR DemoUITests";
			productReference = 12C166E5206E2106004DBDFC /* CoreML WatsonVR DemoUITests.xctest */;
			productType = "com.apple.product-type.bundle.ui-testing";
		};
/* End PBXNativeTarget section */

/* Begin PBXProject section */
		12C166BB206E2102004DBDFC /* Project object */ = {
			isa = PBXProject;
			attributes = {
				LastSwiftUpdateCheck = 0930;
				LastUpgradeCheck = 0930;
				ORGANIZATIONNAME = "Kota Sato";
				TargetAttributes = {
					12C166C2206E2102004DBDFC = {
						CreatedOnToolsVersion = 9.3;
					};
					12C166D9206E2106004DBDFC = {
						CreatedOnToolsVersion = 9.3;
						TestTargetID = 12C166C2206E2102004DBDFC;
					};
					12C166E4206E2106004DBDFC = {
						CreatedOnToolsVersion = 9.3;
						TestTargetID = 12C166C2206E2102004DBDFC;
					};
				};
			};
			buildConfigurationList = 12C166BE206E2102004DBDFC /* Build configuration list for PBXProject "CoreML WatsonVR Demo" */;
			compatibilityVersion = "Xcode 9.3";
			developmentRegion = en;
			hasScannedForEncodings = 0;
			knownRegions = (
				en,
				Base,
			);
			mainGroup = 12C166BA206E2102004DBDFC;
			productRefGroup = 12C166C4206E2102004DBDFC /* Products */;
			projectDirPath = "";
			projectRoot = "";
			targets = (
				12C166C2206E2102004DBDFC /* CoreML WatsonVR Demo */,
				12C166D9206E2106004DBDFC /* CoreML WatsonVR DemoTests */,
				12C166E4206E2106004DBDFC /* CoreML WatsonVR DemoUITests */,
			);
		};
/* End PBXProject section */

/* Begin PBXResourcesBuildPhase section */
		12C166C1206E2102004DBDFC /* Resources */ = {
			isa = PBXResourcesBuildPhase;
			buildActionMask = 2147483647;
			files = (
				12C166D4206E2106004DBDFC /* LaunchScreen.storyboard in Resources */,
				12C166D1206E2106004DBDFC /* Assets.xcassets in Resources */,
				12C166CC206E2102004DBDFC /* Main.storyboard in Resources */,
			);
			runOnlyForDeploymentPostprocessing = 0;
		};
		12C166D8206E2106004DBDFC /* Resources */ = {
			isa = PBXResourcesBuildPhase;
			buildActionMask = 2147483647;
			files = (
			);
			runOnlyForDeploymentPostprocessing = 0;
		};
		12C166E3206E2106004DBDFC /* Resources */ = {
			isa = PBXResourcesBuildPhase;
			buildActionMask = 2147483647;
			files = (
			);
			runOnlyForDeploymentPostprocessing = 0;
		};
/* End PBXResourcesBuildPhase section */

/* Begin PBXSourcesBuildPhase section */
		12C166BF206E2102004DBDFC /* Sources */ = {
			isa = PBXSourcesBuildPhase;
			buildActionMask = 2147483647;
			files = (
				12C166C9206E2102004DBDFC /* ViewController.swift in Sources */,
				12C166C7206E2102004DBDFC /* AppDelegate.swift in Sources */,
				12C166CF206E2102004DBDFC /* CoreML_WatsonVR_Demo.xcdatamodeld in Sources */,
			);
			runOnlyForDeploymentPostprocessing = 0;
		};
		12C166D6206E2106004DBDFC /* Sources */ = {
			isa = PBXSourcesBuildPhase;
			buildActionMask = 2147483647;
			files = (
				12C166DF206E2106004DBDFC /* CoreML_WatsonVR_DemoTests.swift in Sources */,
			);
			runOnlyForDeploymentPostprocessing = 0;
		};
		12C166E1206E2106004DBDFC /* Sources */ = {
			isa = PBXSourcesBuildPhase;
			buildActionMask = 2147483647;
			files = (
				12C166EA206E2106004DBDFC /* CoreML_WatsonVR_DemoUITests.swift in Sources */,
			);
			runOnlyForDeploymentPostprocessing = 0;
		};
/* End PBXSourcesBuildPhase section */

/* Begin PBXTargetDependency section */
		12C166DC206E2106004DBDFC /* PBXTargetDependency */ = {
			isa = PBXTargetDependency;
			target = 12C166C2206E2102004DBDFC /* CoreML WatsonVR Demo */;
			targetProxy = 12C166DB206E2106004DBDFC /* PBXContainerItemProxy */;
		};
		12C166E7206E2106004DBDFC /* PBXTargetDependency */ = {
			isa = PBXTargetDependency;
			target = 12C166C2206E2102004DBDFC /* CoreML WatsonVR Demo */;
			targetProxy = 12C166E6206E2106004DBDFC /* PBXContainerItemProxy */;
		};
/* End PBXTargetDependency section */

/* Begin PBXVariantGroup section */
		12C166CA206E2102004DBDFC /* Main.storyboard */ = {
			isa = PBXVariantGroup;
			children = (
				12C166CB206E2102004DBDFC /* Base */,
			);
			name = Main.storyboard;
			sourceTree = "<group>";
		};
		12C166D2206E2106004DBDFC /* LaunchScreen.storyboard */ = {
			isa = PBXVariantGroup;
			children = (
				12C166D3206E2106004DBDFC /* Base */,
			);
			name = LaunchScreen.storyboard;
			sourceTree = "<group>";
		};
/* End PBXVariantGroup section */

/* Begin XCBuildConfiguration section */
		12C166EC206E2106004DBDFC /* Debug */ = {
			isa = XCBuildConfiguration;
			buildSettings = {
				ALWAYS_SEARCH_USER_PATHS = NO;
				CLANG_ANALYZER_NONNULL = YES;
				CLANG_ANALYZER_NUMBER_OBJECT_CONVERSION = YES_AGGRESSIVE;
				CLANG_CXX_LANGUAGE_STANDARD = "gnu++14";
				CLANG_CXX_LIBRARY = "libc++";
				CLANG_ENABLE_MODULES = YES;
				CLANG_ENABLE_OBJC_ARC = YES;
				CLANG_ENABLE_OBJC_WEAK = YES;
				CLANG_WARN_BLOCK_CAPTURE_AUTORELEASING = YES;
				CLANG_WARN_BOOL_CONVERSION = YES;
				CLANG_WARN_COMMA = YES;
				CLANG_WARN_CONSTANT_CONVERSION = YES;
				CLANG_WARN_DEPRECATED_OBJC_IMPLEMENTATIONS = YES;
				CLANG_WARN_DIRECT_OBJC_ISA_USAGE = YES_ERROR;
				CLANG_WARN_DOCUMENTATION_COMMENTS = YES;
				CLANG_WARN_EMPTY_BODY = YES;
				CLANG_WARN_ENUM_CONVERSION = YES;
				CLANG_WARN_INFINITE_RECURSION = YES;
				CLANG_WARN_INT_CONVERSION = YES;
				CLANG_WARN_NON_LITERAL_NULL_CONVERSION = YES;
				CLANG_WARN_OBJC_IMPLICIT_RETAIN_SELF = YES;
				CLANG_WARN_OBJC_LITERAL_CONVERSION = YES;
				CLANG_WARN_OBJC_ROOT_CLASS = YES_ERROR;
				CLANG_WARN_RANGE_LOOP_ANALYSIS = YES;
				CLANG_WARN_STRICT_PROTOTYPES = YES;
				CLANG_WARN_SUSPICIOUS_MOVE = YES;
				CLANG_WARN_UNGUARDED_AVAILABILITY = YES_AGGRESSIVE;
				CLANG_WARN_UNREACHABLE_CODE = YES;
				CLANG_WARN__DUPLICATE_METHOD_MATCH = YES;
				CODE_SIGN_IDENTITY = "iPhone Developer";
				COPY_PHASE_STRIP = NO;
				DEBUG_INFORMATION_FORMAT = dwarf;
				ENABLE_STRICT_OBJC_MSGSEND = YES;
				ENABLE_TESTABILITY = YES;
				GCC_C_LANGUAGE_STANDARD = gnu11;
				GCC_DYNAMIC_NO_PIC = NO;
				GCC_NO_COMMON_BLOCKS = YES;
				GCC_OPTIMIZATION_LEVEL = 0;
				GCC_PREPROCESSOR_DEFINITIONS = (
					"DEBUG=1",
					"$(inherited)",
				);
				GCC_WARN_64_TO_32_BIT_CONVERSION = YES;
				GCC_WARN_ABOUT_RETURN_TYPE = YES_ERROR;
				GCC_WARN_UNDECLARED_SELECTOR = YES;
				GCC_WARN_UNINITIALIZED_AUTOS = YES_AGGRESSIVE;
				GCC_WARN_UNUSED_FUNCTION = YES;
				GCC_WARN_UNUSED_VARIABLE = YES;
				IPHONEOS_DEPLOYMENT_TARGET = 11.3;
				MTL_ENABLE_DEBUG_INFO = YES;
				ONLY_ACTIVE_ARCH = YES;
				SDKROOT = iphoneos;
				SWIFT_ACTIVE_COMPILATION_CONDITIONS = DEBUG;
				SWIFT_OPTIMIZATION_LEVEL = "-Onone";
			};
			name = Debug;
		};
		12C166ED206E2106004DBDFC /* Release */ = {
			isa = XCBuildConfiguration;
			buildSettings = {
				ALWAYS_SEARCH_USER_PATHS = NO;
				CLANG_ANALYZER_NONNULL = YES;
				CLANG_ANALYZER_NUMBER_OBJECT_CONVERSION = YES_AGGRESSIVE;
				CLANG_CXX_LANGUAGE_STANDARD = "gnu++14";
				CLANG_CXX_LIBRARY = "libc++";
				CLANG_ENABLE_MODULES = YES;
				CLANG_ENABLE_OBJC_ARC = YES;
				CLANG_ENABLE_OBJC_WEAK = YES;
				CLANG_WARN_BLOCK_CAPTURE_AUTORELEASING = YES;
				CLANG_WARN_BOOL_CONVERSION = YES;
				CLANG_WARN_COMMA = YES;
				CLANG_WARN_CONSTANT_CONVERSION = YES;
				CLANG_WARN_DEPRECATED_OBJC_IMPLEMENTATIONS = YES;
				CLANG_WARN_DIRECT_OBJC_ISA_USAGE = YES_ERROR;
				CLANG_WARN_DOCUMENTATION_COMMENTS = YES;
				CLANG_WARN_EMPTY_BODY = YES;
				CLANG_WARN_ENUM_CONVERSION = YES;
				CLANG_WARN_INFINITE_RECURSION = YES;
				CLANG_WARN_INT_CONVERSION = YES;
				CLANG_WARN_NON_LITERAL_NULL_CONVERSION = YES;
				CLANG_WARN_OBJC_IMPLICIT_RETAIN_SELF = YES;
				CLANG_WARN_OBJC_LITERAL_CONVERSION = YES;
				CLANG_WARN_OBJC_ROOT_CLASS = YES_ERROR;
				CLANG_WARN_RANGE_LOOP_ANALYSIS = YES;
				CLANG_WARN_STRICT_PROTOTYPES = YES;
				CLANG_WARN_SUSPICIOUS_MOVE = YES;
				CLANG_WARN_UNGUARDED_AVAILABILITY = YES_AGGRESSIVE;
				CLANG_WARN_UNREACHABLE_CODE = YES;
				CLANG_WARN__DUPLICATE_METHOD_MATCH = YES;
				CODE_SIGN_IDENTITY = "iPhone Developer";
				COPY_PHASE_STRIP = NO;
				DEBUG_INFORMATION_FORMAT = "dwarf-with-dsym";
				ENABLE_NS_ASSERTIONS = NO;
				ENABLE_STRICT_OBJC_MSGSEND = YES;
				GCC_C_LANGUAGE_STANDARD = gnu11;
				GCC_NO_COMMON_BLOCKS = YES;
				GCC_WARN_64_TO_32_BIT_CONVERSION = YES;
				GCC_WARN_ABOUT_RETURN_TYPE = YES_ERROR;
				GCC_WARN_UNDECLARED_SELECTOR = YES;
				GCC_WARN_UNINITIALIZED_AUTOS = YES_AGGRESSIVE;
				GCC_WARN_UNUSED_FUNCTION = YES;
				GCC_WARN_UNUSED_VARIABLE = YES;
				IPHONEOS_DEPLOYMENT_TARGET = 11.3;
				MTL_ENABLE_DEBUG_INFO = NO;
				SDKROOT = iphoneos;
				SWIFT_COMPILATION_MODE = wholemodule;
				SWIFT_OPTIMIZATION_LEVEL = "-O";
				VALIDATE_PRODUCT = YES;
			};
			name = Release;
		};
		12C166EF206E2106004DBDFC /* Debug */ = {
			isa = XCBuildConfiguration;
			buildSettings = {
				ASSETCATALOG_COMPILER_APPICON_NAME = AppIcon;
				CODE_SIGN_STYLE = Automatic;
				INFOPLIST_FILE = "CoreML WatsonVR Demo/Info.plist";
				LD_RUNPATH_SEARCH_PATHS = (
					"$(inherited)",
					"@executable_path/Frameworks",
				);
				PRODUCT_BUNDLE_IDENTIFIER = "satokota.CoreML-WatsonVR-Demo";
				PRODUCT_NAME = "$(TARGET_NAME)";
				SWIFT_VERSION = 4.0;
				TARGETED_DEVICE_FAMILY = "1,2";
			};
			name = Debug;
		};
		12C166F0206E2106004DBDFC /* Release */ = {
			isa = XCBuildConfiguration;
			buildSettings = {
				ASSETCATALOG_COMPILER_APPICON_NAME = AppIcon;
				CODE_SIGN_STYLE = Automatic;
				INFOPLIST_FILE = "CoreML WatsonVR Demo/Info.plist";
				LD_RUNPATH_SEARCH_PATHS = (
					"$(inherited)",
					"@executable_path/Frameworks",
				);
				PRODUCT_BUNDLE_IDENTIFIER = "satokota.CoreML-WatsonVR-Demo";
				PRODUCT_NAME = "$(TARGET_NAME)";
				SWIFT_VERSION = 4.0;
				TARGETED_DEVICE_FAMILY = "1,2";
			};
			name = Release;
		};
		12C166F2206E2106004DBDFC /* Debug */ = {
			isa = XCBuildConfiguration;
			buildSettings = {
				ALWAYS_EMBED_SWIFT_STANDARD_LIBRARIES = YES;
				BUNDLE_LOADER = "$(TEST_HOST)";
				CODE_SIGN_STYLE = Automatic;
				INFOPLIST_FILE = "CoreML WatsonVR DemoTests/Info.plist";
				LD_RUNPATH_SEARCH_PATHS = (
					"$(inherited)",
					"@executable_path/Frameworks",
					"@loader_path/Frameworks",
				);
				PRODUCT_BUNDLE_IDENTIFIER = "satokota.CoreML-WatsonVR-DemoTests";
				PRODUCT_NAME = "$(TARGET_NAME)";
				SWIFT_VERSION = 4.0;
				TARGETED_DEVICE_FAMILY = "1,2";
				TEST_HOST = "$(BUILT_PRODUCTS_DIR)/CoreML WatsonVR Demo.app/CoreML WatsonVR Demo";
			};
			name = Debug;
		};
		12C166F3206E2106004DBDFC /* Release */ = {
			isa = XCBuildConfiguration;
			buildSettings = {
				ALWAYS_EMBED_SWIFT_STANDARD_LIBRARIES = YES;
				BUNDLE_LOADER = "$(TEST_HOST)";
				CODE_SIGN_STYLE = Automatic;
				INFOPLIST_FILE = "CoreML WatsonVR DemoTests/Info.plist";
				LD_RUNPATH_SEARCH_PATHS = (
					"$(inherited)",
					"@executable_path/Frameworks",
					"@loader_path/Frameworks",
				);
				PRODUCT_BUNDLE_IDENTIFIER = "satokota.CoreML-WatsonVR-DemoTests";
				PRODUCT_NAME = "$(TARGET_NAME)";
				SWIFT_VERSION = 4.0;
				TARGETED_DEVICE_FAMILY = "1,2";
				TEST_HOST = "$(BUILT_PRODUCTS_DIR)/CoreML WatsonVR Demo.app/CoreML WatsonVR Demo";
			};
			name = Release;
		};
		12C166F5206E2106004DBDFC /* Debug */ = {
			isa = XCBuildConfiguration;
			buildSettings = {
				ALWAYS_EMBED_SWIFT_STANDARD_LIBRARIES = YES;
				CODE_SIGN_STYLE = Automatic;
				INFOPLIST_FILE = "CoreML WatsonVR DemoUITests/Info.plist";
				LD_RUNPATH_SEARCH_PATHS = (
					"$(inherited)",
					"@executable_path/Frameworks",
					"@loader_path/Frameworks",
				);
				PRODUCT_BUNDLE_IDENTIFIER = "satokota.CoreML-WatsonVR-DemoUITests";
				PRODUCT_NAME = "$(TARGET_NAME)";
				SWIFT_VERSION = 4.0;
				TARGETED_DEVICE_FAMILY = "1,2";
				TEST_TARGET_NAME = "CoreML WatsonVR Demo";
			};
			name = Debug;
		};
		12C166F6206E2106004DBDFC /* Release */ = {
			isa = XCBuildConfiguration;
			buildSettings = {
				ALWAYS_EMBED_SWIFT_STANDARD_LIBRARIES = YES;
				CODE_SIGN_STYLE = Automatic;
				INFOPLIST_FILE = "CoreML WatsonVR DemoUITests/Info.plist";
				LD_RUNPATH_SEARCH_PATHS = (
					"$(inherited)",
					"@executable_path/Frameworks",
					"@loader_path/Frameworks",
				);
				PRODUCT_BUNDLE_IDENTIFIER = "satokota.CoreML-WatsonVR-DemoUITests";
				PRODUCT_NAME = "$(TARGET_NAME)";
				SWIFT_VERSION = 4.0;
				TARGETED_DEVICE_FAMILY = "1,2";
				TEST_TARGET_NAME = "CoreML WatsonVR Demo";
			};
			name = Release;
		};
/* End XCBuildConfiguration section */

/* Begin XCConfigurationList section */
		12C166BE206E2102004DBDFC /* Build configuration list for PBXProject "CoreML WatsonVR Demo" */ = {
			isa = XCConfigurationList;
			buildConfigurations = (
				12C166EC206E2106004DBDFC /* Debug */,
				12C166ED206E2106004DBDFC /* Release */,
			);
			defaultConfigurationIsVisible = 0;
			defaultConfigurationName = Release;
		};
		12C166EE206E2106004DBDFC /* Build configuration list for PBXNativeTarget "CoreML WatsonVR Demo" */ = {
			isa = XCConfigurationList;
			buildConfigurations = (
				12C166EF206E2106004DBDFC /* Debug */,
				12C166F0206E2106004DBDFC /* Release */,
			);
			defaultConfigurationIsVisible = 0;
			defaultConfigurationName = Release;
		};
		12C166F1206E2106004DBDFC /* Build configuration list for PBXNativeTarget "CoreML WatsonVR DemoTests" */ = {
			isa = XCConfigurationList;
			buildConfigurations = (
				12C166F2206E2106004DBDFC /* Debug */,
				12C166F3206E2106004DBDFC /* Release */,
			);
			defaultConfigurationIsVisible = 0;
			defaultConfigurationName = Release;
		};
		12C166F4206E2106004DBDFC /* Build configuration list for PBXNativeTarget "CoreML WatsonVR DemoUITests" */ = {
			isa = XCConfigurationList;
			buildConfigurations = (
				12C166F5206E2106004DBDFC /* Debug */,
				12C166F6206E2106004DBDFC /* Release */,
			);
			defaultConfigurationIsVisible = 0;
			defaultConfigurationName = Release;
		};
/* End XCConfigurationList section */

/* Begin XCVersionGroup section */
		12C166CD206E2102004DBDFC /* CoreML_WatsonVR_Demo.xcdatamodeld */ = {
			isa = XCVersionGroup;
			children = (
				12C166CE206E2102004DBDFC /* CoreML_WatsonVR_Demo.xcdatamodel */,
			);
			currentVersion = 12C166CE206E2102004DBDFC /* CoreML_WatsonVR_Demo.xcdatamodel */;
			path = CoreML_WatsonVR_Demo.xcdatamodeld;
			sourceTree = "<group>";
			versionGroupType = wrapper.xcdatamodel;
		};
/* End XCVersionGroup section */
	};
	rootObject = 12C166BB206E2102004DBDFC /* Project object */;
}
